
Microsoft Visual Studio Solution File, Format Version 12.00
# Visual Studio Version 17
VisualStudioVersion = 17.11.35208.52
MinimumVisualStudioVersion = 10.0.40219.1
Project("{FAE04EC0-301F-11D3-BF4B-00C04F79EFBC}") = "Online-Shop", "Online-Shop.csproj", "{962214E4-76D6-43D6-9459-EBBD3C381ACD}"
EndProject
Global
	GlobalSection(SolutionConfigurationPlatforms) = preSolution
		Debug|Any CPU = Debug|Any CPU
		Release|Any CPU = Release|Any CPU
	EndGlobalSection
	GlobalSection(ProjectConfigurationPlatforms) = postSolution
		{962214E4-76D6-43D6-9459-EBBD3C381ACD}.Debug|Any CPU.ActiveCfg = Debug|Any CPU
		{962214E4-76D6-43D6-9459-EBBD3C381ACD}.Debug|Any CPU.Build.0 = Debug|Any CPU
		{962214E4-76D6-43D6-9459-EBBD3C381ACD}.Release|Any CPU.ActiveCfg = Release|Any CPU
		{962214E4-76D6-43D6-9459-EBBD3C381ACD}.Release|Any CPU.Build.0 = Release|Any CPU
	EndGlobalSection
	GlobalSection(SolutionProperties) = preSolution
		HideSolutionNode = FALSE
	EndGlobalSection
	GlobalSection(ExtensibilityGlobals) = postSolution
		SolutionGuid = {73B25230-A539-4074-B767-E7ED3DD9EB41}
	EndGlobalSection
EndGlobal
